
Microsoft Visual Studio Solution File, Format Version 12.00
# Visual Studio Version 17
VisualStudioVersion = 17.7.34024.191
MinimumVisualStudioVersion = 10.0.40219.1
Project("{FAE04EC0-301F-11D3-BF4B-00C04F79EFBC}") = "ChuongTrinhQuanLiKhachSan", "ChuongTrinhQuanLiKhachSan\ChuongTrinhQuanLiKhachSan.csproj", "{A6FD600B-3A3D-49DE-A4EB-60D0F71951FB}"
EndProject
Global
	GlobalSection(SolutionConfigurationPlatforms) = preSolution
		Debug|Any CPU = Debug|Any CPU
		Release|Any CPU = Release|Any CPU
	EndGlobalSection
	GlobalSection(ProjectConfigurationPlatforms) = postSolution
		{A6FD600B-3A3D-49DE-A4EB-60D0F71951FB}.Debug|Any CPU.ActiveCfg = Debug|Any CPU
		{A6FD600B-3A3D-49DE-A4EB-60D0F71951FB}.Debug|Any CPU.Build.0 = Debug|Any CPU
		{A6FD600B-3A3D-49DE-A4EB-60D0F71951FB}.Release|Any CPU.ActiveCfg = Release|Any CPU
		{A6FD600B-3A3D-49DE-A4EB-60D0F71951FB}.Release|Any CPU.Build.0 = Release|Any CPU
	EndGlobalSection
	GlobalSection(SolutionProperties) = preSolution
		HideSolutionNode = FALSE
	EndGlobalSection
	GlobalSection(ExtensibilityGlobals) = postSolution
		SolutionGuid = {8A1798BC-29A9-4277-ACBC-ED256FDF045F}
	EndGlobalSection
EndGlobal
